{
    "name": "t_vault_assets",
    "version": "1.0.0",
    "lockfileVersion": 3,
    "requires": true,
    "packages": {
        "": {
            "name": "t_vault_assets",
            "version": "1.0.0",
            "license": "ISC",
            "dependencies": {
                "alpinejs": "^3.15.4",
                "highcharts": "^11.4.0",
                "hls.js": "^1.6.15"
            }
        },
        "node_modules/@vue/reactivity": {
            "version": "3.1.5",
            "resolved": "https://registry.npmjs.org/@vue/reactivity/-/reactivity-3.1.5.tgz",
            "integrity": "sha512-1tdfLmNjWG6t/CsPldh+foumYFo3cpyCHgBYQ34ylaMsJ+SNHQ1kApMIa8jN+i593zQuaw3AdWH0nJTARzCFhg==",
            "license": "MIT",
            "dependencies": {
                "@vue/shared": "3.1.5"
            }
        },
        "node_modules/@vue/shared": {
            "version": "3.1.5",
            "resolved": "https://registry.npmjs.org/@vue/shared/-/shared-3.1.5.tgz",
            "integrity": "sha512-oJ4F3TnvpXaQwZJNF3ZK+kLPHKarDmJjJ6jyzVNDKH9md1dptjC7lWR//jrGuLdek/U6iltWxqAnYOu8gCiOvA==",
            "license": "MIT"
        },
        "node_modules/alpinejs": {
            "version": "3.15.8",
            "resolved": "https://registry.npmjs.org/alpinejs/-/alpinejs-3.15.8.tgz",
            "integrity": "sha512-zxIfCRTBGvF1CCLIOMQOxAyBuqibxSEwS6Jm1a3HGA9rgrJVcjEWlwLcQTVGAWGS8YhAsTRLVrtQ5a5QT9bSSQ==",
            "license": "MIT",
            "dependencies": {
                "@vue/reactivity": "~3.1.1"
            }
        },
        "node_modules/highcharts": {
            "version": "11.4.8",
            "resolved": "https://registry.npmjs.org/highcharts/-/highcharts-11.4.8.tgz",
            "integrity": "sha512-5Tke9LuzZszC4osaFisxLIcw7xgNGz4Sy3Jc9pRMV+ydm6sYqsPYdU8ELOgpzGNrbrRNDRBtveoR5xS3SzneEA==",
            "license": "https://www.highcharts.com/license"
        },
        "node_modules/hls.js": {
            "version": "1.6.15",
            "resolved": "https://registry.npmjs.org/hls.js/-/hls.js-1.6.15.tgz",
            "integrity": "sha512-E3a5VwgXimGHwpRGV+WxRTKeSp2DW5DI5MWv34ulL3t5UNmyJWCQ1KmLEHbYzcfThfXG8amBL+fCYPneGHC4VA=="
        }
    }
}
